
Microsoft Visual Studio Solution File, Format Version 12.00
# Visual Studio 15
Project("{FAE04EC0-301F-11D3-BF4B-00C04F79EFBC}") = "Runbeck", "Runbeck\Runbeck.csproj", "{D3E2C38D-F45F-434E-B87D-2E5FFE3F0096}"
EndProject
Global
	GlobalSection(SolutionConfigurationPlatforms) = preSolution
		Debug|anycpu = Debug|anycpu
		Release|anycpu = Release|anycpu
	EndGlobalSection
	GlobalSection(ProjectConfigurationPlatforms) = postSolution
		{D3E2C38D-F45F-434E-B87D-2E5FFE3F0096}.Debug|anycpu.ActiveCfg = Debug|anycpu
		{D3E2C38D-F45F-434E-B87D-2E5FFE3F0096}.Debug|anycpu.Build.0 = Debug|anycpu
		{D3E2C38D-F45F-434E-B87D-2E5FFE3F0096}.Release|anycpu.ActiveCfg = Release|anycpu
		{D3E2C38D-F45F-434E-B87D-2E5FFE3F0096}.Release|anycpu.Build.0 = Release|anycpu
	EndGlobalSection
EndGlobal
